
Microsoft Visual Studio Solution File, Format Version 12.00
# Visual Studio Version 17
VisualStudioVersion = 17.3.32804.467
MinimumVisualStudioVersion = 10.0.40219.1
Project("{FAE04EC0-301F-11D3-BF4B-00C04F79EFBC}") = "NaiveApplication", "NaiveApplication.csproj", "{4BF60665-C94E-4ABE-B031-BE6C6F908780}"
EndProject
Global
	GlobalSection(SolutionConfigurationPlatforms) = preSolution
		Debug|Any CPU = Debug|Any CPU
		Release|Any CPU = Release|Any CPU
	EndGlobalSection
	GlobalSection(ProjectConfigurationPlatforms) = postSolution
		{4BF60665-C94E-4ABE-B031-BE6C6F908780}.Debug|Any CPU.ActiveCfg = Debug|Any CPU
		{4BF60665-C94E-4ABE-B031-BE6C6F908780}.Debug|Any CPU.Build.0 = Debug|Any CPU
		{4BF60665-C94E-4ABE-B031-BE6C6F908780}.Release|Any CPU.ActiveCfg = Release|Any CPU
		{4BF60665-C94E-4ABE-B031-BE6C6F908780}.Release|Any CPU.Build.0 = Release|Any CPU
	EndGlobalSection
	GlobalSection(SolutionProperties) = preSolution
		HideSolutionNode = FALSE
	EndGlobalSection
	GlobalSection(ExtensibilityGlobals) = postSolution
		SolutionGuid = {B8925161-8A66-4D72-A1CD-F1E7E3D3E244}
	EndGlobalSection
EndGlobal
