
Microsoft Visual Studio Solution File, Format Version 12.00
# Visual Studio Version 17
VisualStudioVersion = 17.3.32804.467
MinimumVisualStudioVersion = 10.0.40219.1
Project("{FAE04EC0-301F-11D3-BF4B-00C04F79EFBC}") = "DLLSolution", "DLLSolution.csproj", "{D201E197-DFA9-49C9-87A5-FAECD9EC5E99}"
EndProject
Global
	GlobalSection(SolutionConfigurationPlatforms) = preSolution
		Debug|Any CPU = Debug|Any CPU
		Release|Any CPU = Release|Any CPU
	EndGlobalSection
	GlobalSection(ProjectConfigurationPlatforms) = postSolution
		{D201E197-DFA9-49C9-87A5-FAECD9EC5E99}.Debug|Any CPU.ActiveCfg = Debug|Any CPU
		{D201E197-DFA9-49C9-87A5-FAECD9EC5E99}.Debug|Any CPU.Build.0 = Debug|Any CPU
		{D201E197-DFA9-49C9-87A5-FAECD9EC5E99}.Release|Any CPU.ActiveCfg = Release|Any CPU
		{D201E197-DFA9-49C9-87A5-FAECD9EC5E99}.Release|Any CPU.Build.0 = Release|Any CPU
	EndGlobalSection
	GlobalSection(SolutionProperties) = preSolution
		HideSolutionNode = FALSE
	EndGlobalSection
	GlobalSection(ExtensibilityGlobals) = postSolution
		SolutionGuid = {9AAF2346-B85D-424B-9B50-FB0ED67A959B}
	EndGlobalSection
EndGlobal
